<?xml version="1.0" encoding="utf-8"?>
<Project ToolsVersion="17.0" xmlns="http://schemas.microsoft.com/developer/msbuild/2003">
  <ItemGroup>
    <CustomBuild Include="C:\Projects\ELBIXPLUGIN\build64\CMakeFiles\236d940fe5bd081919859d59efeedb37\INSTALL_force.rule">
      <Filter>CMake Rules</Filter>
    </CustomBuild>
  </ItemGroup>
  <ItemGroup>
    <Filter Include="CMake Rules">
      <UniqueIdentifier>{5F5EE915-03F8-3F4C-A378-586967407EAD}</UniqueIdentifier>
    </Filter>
  </ItemGroup>
</Project>
